// !$*UTF8*$!
{
	archiveVersion = 1;
	classes = {
	};
	objectVersion = 46;
	objects = {

/* Begin PBXBuildFile section */
		18E7DB941F1A0E5700C9E393 /* AppDelegate.swift in Sources */ = {isa = PBXBuildFile; fileRef = 18E7DB931F1A0E5700C9E393 /* AppDelegate.swift */; };
		18E7DB961F1A0E5700C9E393 /* ViewController.swift in Sources */ = {isa = PBXBuildFile; fileRef = 18E7DB951F1A0E5700C9E393 /* ViewController.swift */; };
		18E7DB991F1A0E5700C9E393 /* Main.storyboard in Resources */ = {isa = PBXBuildFile; fileRef = 18E7DB971F1A0E5700C9E393 /* Main.storyboard */; };
		18E7DB9B1F1A0E5700C9E393 /* Assets.xcassets in Resources */ = {isa = PBXBuildFile; fileRef = 18E7DB9A1F1A0E5700C9E393 /* Assets.xcassets */; };
		18E7DB9E1F1A0E5700C9E393 /* LaunchScreen.storyboard in Resources */ = {isa = PBXBuildFile; fileRef = 18E7DB9C1F1A0E5700C9E393 /* LaunchScreen.storyboard */; };
/* End PBXBuildFile section */

/* Begin PBXFileReference section */
		18E7DB901F1A0E5700C9E393 /* memme-app.app */ = {isa = PBXFileReference; explicitFileType = wrapper.application; includeInIndex = 0; path = "memme-app.app"; sourceTree = BUILT_PRODUCTS_DIR; };
		18E7DB931F1A0E5700C9E393 /* AppDelegate.swift */ = {isa = PBXFileReference; lastKnownFileType = sourcecode.swift; path = AppDelegate.swift; sourceTree = "<group>"; };
		18E7DB951F1A0E5700C9E393 /* ViewController.swift */ = {isa = PBXFileReference; lastKnownFileType = sourcecode.swift; path = ViewController.swift; sourceTree = "<group>"; };
		18E7DB981F1A0E5700C9E393 /* Base */ = {isa = PBXFileReference; lastKnownFileType = file.storyboard; name = Base; path = Base.lproj/Main.storyboard; sourceTree = "<group>"; };
		18E7DB9A1F1A0E5700C9E393 /* Assets.xcassets */ = {isa = PBXFileReference; lastKnownFileType = folder.assetcatalog; path = Assets.xcassets; sourceTree = "<group>"; };
		18E7DB9D1F1A0E5700C9E393 /* Base */ = {isa = PBXFileReference; lastKnownFileType = file.storyboard; name = Base; path = Base.lproj/LaunchScreen.storyboard; sourceTree = "<group>"; };
		18E7DB9F1F1A0E5700C9E393 /* Info.plist */ = {isa = PBXFileReference; lastKnownFileType = text.plist.xml; path = Info.plist; sourceTree = "<group>"; };
/* End PBXFileReference section */

/* Begin PBXFrameworksBuildPhase section */
		18E7DB8D1F1A0E5700C9E393 /* Frameworks */ = {
			isa = PBXFrameworksBuildPhase;
			buildActionMask = 2147483647;
			files = (
			);
			runOnlyForDeploymentPostprocessing = 0;
		};
/* End PBXFrameworksBuildPhase section */

/* Begin PBXGroup section */
		18E7DB871F1A0E5600C9E393 = {
			isa = PBXGroup;
			children = (
				18E7DB921F1A0E5700C9E393 /* memme-app */,
				18E7DB911F1A0E5700C9E393 /* Products */,
			);
			sourceTree = "<group>";
		};
		18E7DB911F1A0E5700C9E393 /* Products */ = {
			isa = PBXGroup;
			children = (
				18E7DB901F1A0E5700C9E393 /* memme-app.app */,
			);
			name = Products;
			sourceTree = "<group>";
		};
		18E7DB921F1A0E5700C9E393 /* memme-app */ = {
			isa = PBXGroup;
			children = (
				18E7DB931F1A0E5700C9E393 /* AppDelegate.swift */,
				18E7DB951F1A0E5700C9E393 /* ViewController.swift */,
				18E7DB971F1A0E5700C9E393 /* Main.storyboard */,
				18E7DB9A1F1A0E5700C9E393 /* Assets.xcassets */,
				18E7DB9C1F1A0E5700C9E393 /* LaunchScreen.storyboard */,
				18E7DB9F1F1A0E5700C9E393 /* Info.plist */,
			);
			path = "memme-app";
			sourceTree = "<group>";
		};
/* End PBXGroup section */

/* Begin PBXNativeTarget section */
		18E7DB8F1F1A0E5700C9E393 /* memme-app */ = {
			isa = PBXNativeTarget;
			buildConfigurationList = 18E7DBA21F1A0E5700C9E393 /* Build configuration list for PBXNativeTarget "memme-app" */;
			buildPhases = (
				18E7DB8C1F1A0E5700C9E393 /* Sources */,
				18E7DB8D1F1A0E5700C9E393 /* Frameworks */,
				18E7DB8E1F1A0E5700C9E393 /* Resources */,
			);
			buildRules = (
			);
			dependencies = (
			);
			name = "memme-app";
			productName = "memme-app";
			productReference = 18E7DB901F1A0E5700C9E393 /* memme-app.app */;
			productType = "com.apple.product-type.application";
		};
/* End PBXNativeTarget section */

/* Begin PBXProject section */
		18E7DB881F1A0E5600C9E393 /* Project object */ = {
			isa = PBXProject;
			attributes = {
				LastSwiftUpdateCheck = 0820;
				LastUpgradeCheck = 0820;
				ORGANIZATIONNAME = rishi;
				TargetAttributes = {
					18E7DB8F1F1A0E5700C9E393 = {
						CreatedOnToolsVersion = 8.2.1;
						ProvisioningStyle = Automatic;
					};
				};
			};
			buildConfigurationList = 18E7DB8B1F1A0E5600C9E393 /* Build configuration list for PBXProject "memme-app" */;
			compatibilityVersion = "Xcode 3.2";
			developmentRegion = English;
			hasScannedForEncodings = 0;
			knownRegions = (
				en,
				Base,
			);
			mainGroup = 18E7DB871F1A0E5600C9E393;
			productRefGroup = 18E7DB911F1A0E5700C9E393 /* Products */;
			projectDirPath = "";
			projectRoot = "";
			targets = (
				18E7DB8F1F1A0E5700C9E393 /* memme-app */,
			);
		};
/* End PBXProject section */

/* Begin PBXResourcesBuildPhase section */
		18E7DB8E1F1A0E5700C9E393 /* Resources */ = {
			isa = PBXResourcesBuildPhase;
			buildActionMask = 2147483647;
			files = (
				18E7DB9E1F1A0E5700C9E393 /* LaunchScreen.storyboard in Resources */,
				18E7DB9B1F1A0E5700C9E393 /* Assets.xcassets in Resources */,
				18E7DB991F1A0E5700C9E393 /* Main.storyboard in Resources */,
			);
			runOnlyForDeploymentPostprocessing = 0;
		};
/* End PBXResourcesBuildPhase section */

/* Begin PBXSourcesBuildPhase section */
		18E7DB8C1F1A0E5700C9E393 /* Sources */ = {
			isa = PBXSourcesBuildPhase;
			buildActionMask = 2147483647;
			files = (
				18E7DB961F1A0E5700C9E393 /* ViewController.swift in Sources */,
				18E7DB941F1A0E5700C9E393 /* AppDelegate.swift in Sources */,
			);
			runOnlyForDeploymentPostprocessing = 0;
		};
/* End PBXSourcesBuildPhase section */

/* Begin PBXVariantGroup section */
		18E7DB971F1A0E5700C9E393 /* Main.storyboard */ = {
			isa = PBXVariantGroup;
			children = (
				18E7DB981F1A0E5700C9E393 /* Base */,
			);
			name = Main.storyboard;
			sourceTree = "<group>";
		};
		18E7DB9C1F1A0E5700C9E393 /* LaunchScreen.storyboard */ = {
			isa = PBXVariantGroup;
			children = (
				18E7DB9D1F1A0E5700C9E393 /* Base */,
			);
			name = LaunchScreen.storyboard;
			sourceTree = "<group>";
		};
/* End PBXVariantGroup section */

/* Begin XCBuildConfiguration section */
		18E7DBA01F1A0E5700C9E393 /* Debug */ = {
			isa = XCBuildConfiguration;
			buildSettings = {
				ALWAYS_SEARCH_USER_PATHS = NO;
				CLANG_ANALYZER_NONNULL = YES;
				CLANG_CXX_LANGUAGE_STANDARD = "gnu++0x";
				CLANG_CXX_LIBRARY = "libc++";
				CLANG_ENABLE_MODULES = YES;
				CLANG_ENABLE_OBJC_ARC = YES;
				CLANG_WARN_BOOL_CONVERSION = YES;
				CLANG_WARN_CONSTANT_CONVERSION = YES;
				CLANG_WARN_DIRECT_OBJC_ISA_USAGE = YES_ERROR;
				CLANG_WARN_DOCUMENTATION_COMMENTS = YES;
				CLANG_WARN_EMPTY_BODY = YES;
				CLANG_WARN_ENUM_CONVERSION = YES;
				CLANG_WARN_INFINITE_RECURSION = YES;
				CLANG_WARN_INT_CONVERSION = YES;
				CLANG_WARN_OBJC_ROOT_CLASS = YES_ERROR;
				CLANG_WARN_SUSPICIOUS_MOVE = YES;
				CLANG_WARN_UNREACHABLE_CODE = YES;
				CLANG_WARN__DUPLICATE_METHOD_MATCH = YES;
				"CODE_SIGN_IDENTITY[sdk=iphoneos*]" = "iPhone Developer";
				COPY_PHASE_STRIP = NO;
				DEBUG_INFORMATION_FORMAT = dwarf;
				ENABLE_STRICT_OBJC_MSGSEND = YES;
				ENABLE_TESTABILITY = YES;
				GCC_C_LANGUAGE_STANDARD = gnu99;
				GCC_DYNAMIC_NO_PIC = NO;
				GCC_NO_COMMON_BLOCKS = YES;
				GCC_OPTIMIZATION_LEVEL = 0;
				GCC_PREPROCESSOR_DEFINITIONS = (
					"DEBUG=1",
					"$(inherited)",
				);
				GCC_WARN_64_TO_32_BIT_CONVERSION = YES;
				GCC_WARN_ABOUT_RETURN_TYPE = YES_ERROR;
				GCC_WARN_UNDECLARED_SELECTOR = YES;
				GCC_WARN_UNINITIALIZED_AUTOS = YES_AGGRESSIVE;
				GCC_WARN_UNUSED_FUNCTION = YES;
				GCC_WARN_UNUSED_VARIABLE = YES;
				IPHONEOS_DEPLOYMENT_TARGET = 10.2;
				MTL_ENABLE_DEBUG_INFO = YES;
				ONLY_ACTIVE_ARCH = YES;
				SDKROOT = iphoneos;
				SWIFT_ACTIVE_COMPILATION_CONDITIONS = DEBUG;
				SWIFT_OPTIMIZATION_LEVEL = "-Onone";
			};
			name = Debug;
		};
		18E7DBA11F1A0E5700C9E393 /* Release */ = {
			isa = XCBuildConfiguration;
			buildSettings = {
				ALWAYS_SEARCH_USER_PATHS = NO;
				CLANG_ANALYZER_NONNULL = YES;
				CLANG_CXX_LANGUAGE_STANDARD = "gnu++0x";
				CLANG_CXX_LIBRARY = "libc++";
				CLANG_ENABLE_MODULES = YES;
				CLANG_ENABLE_OBJC_ARC = YES;
				CLANG_WARN_BOOL_CONVERSION = YES;
				CLANG_WARN_CONSTANT_CONVERSION = YES;
				CLANG_WARN_DIRECT_OBJC_ISA_USAGE = YES_ERROR;
				CLANG_WARN_DOCUMENTATION_COMMENTS = YES;
				CLANG_WARN_EMPTY_BODY = YES;
				CLANG_WARN_ENUM_CONVERSION = YES;
				CLANG_WARN_INFINITE_RECURSION = YES;
				CLANG_WARN_INT_CONVERSION = YES;
				CLANG_WARN_OBJC_ROOT_CLASS = YES_ERROR;
				CLANG_WARN_SUSPICIOUS_MOVE = YES;
				CLANG_WARN_UNREACHABLE_CODE = YES;
				CLANG_WARN__DUPLICATE_METHOD_MATCH = YES;
				"CODE_SIGN_IDENTITY[sdk=iphoneos*]" = "iPhone Developer";
				COPY_PHASE_STRIP = NO;
				DEBUG_INFORMATION_FORMAT = "dwarf-with-dsym";
				ENABLE_NS_ASSERTIONS = NO;
				ENABLE_STRICT_OBJC_MSGSEND = YES;
				GCC_C_LANGUAGE_STANDARD = gnu99;
				GCC_NO_COMMON_BLOCKS = YES;
				GCC_WARN_64_TO_32_BIT_CONVERSION = YES;
				GCC_WARN_ABOUT_RETURN_TYPE = YES_ERROR;
				GCC_WARN_UNDECLARED_SELECTOR = YES;
				GCC_WARN_UNINITIALIZED_AUTOS = YES_AGGRESSIVE;
				GCC_WARN_UNUSED_FUNCTION = YES;
				GCC_WARN_UNUSED_VARIABLE = YES;
				IPHONEOS_DEPLOYMENT_TARGET = 10.2;
				MTL_ENABLE_DEBUG_INFO = NO;
				SDKROOT = iphoneos;
				SWIFT_OPTIMIZATION_LEVEL = "-Owholemodule";
				VALIDATE_PRODUCT = YES;
			};
			name = Release;
		};
		18E7DBA31F1A0E5700C9E393 /* Debug */ = {
			isa = XCBuildConfiguration;
			buildSettings = {
				ASSETCATALOG_COMPILER_APPICON_NAME = AppIcon;
				INFOPLIST_FILE = "memme-app/Info.plist";
				LD_RUNPATH_SEARCH_PATHS = "$(inherited) @executable_path/Frameworks";
				PRODUCT_BUNDLE_IDENTIFIER = "rishabh.memme-app";
				PRODUCT_NAME = "$(TARGET_NAME)";
				SWIFT_VERSION = 3.0;
			};
			name = Debug;
		};
		18E7DBA41F1A0E5700C9E393 /* Release */ = {
			isa = XCBuildConfiguration;
			buildSettings = {
				ASSETCATALOG_COMPILER_APPICON_NAME = AppIcon;
				INFOPLIST_FILE = "memme-app/Info.plist";
				LD_RUNPATH_SEARCH_PATHS = "$(inherited) @executable_path/Frameworks";
				PRODUCT_BUNDLE_IDENTIFIER = "rishabh.memme-app";
				PRODUCT_NAME = "$(TARGET_NAME)";
				SWIFT_VERSION = 3.0;
			};
			name = Release;
		};
/* End XCBuildConfiguration section */

/* Begin XCConfigurationList section */
		18E7DB8B1F1A0E5600C9E393 /* Build configuration list for PBXProject "memme-app" */ = {
			isa = XCConfigurationList;
			buildConfigurations = (
				18E7DBA01F1A0E5700C9E393 /* Debug */,
				18E7DBA11F1A0E5700C9E393 /* Release */,
			);
			defaultConfigurationIsVisible = 0;
			defaultConfigurationName = Release;
		};
		18E7DBA21F1A0E5700C9E393 /* Build configuration list for PBXNativeTarget "memme-app" */ = {
			isa = XCConfigurationList;
			buildConfigurations = (
				18E7DBA31F1A0E5700C9E393 /* Debug */,
				18E7DBA41F1A0E5700C9E393 /* Release */,
			);
			defaultConfigurationIsVisible = 0;
		};
/* End XCConfigurationList section */
	};
	rootObject = 18E7DB881F1A0E5600C9E393 /* Project object */;
}
